
Microsoft Visual Studio Solution File, Format Version 12.00
# Visual Studio Version 16
VisualStudioVersion = 16.0.31129.286
MinimumVisualStudioVersion = 10.0.40219.1
Project("{8BC9CEB8-8B4A-11D0-8D11-00A0C91BC942}") = "AYED1-Proyecto 0- Enrique Emmanuel Rios", "AYED1-Proyecto 0- Enrique Emmanuel Rios.vcxproj", "{CD000B4E-0404-4795-A7AA-6EFD80FFBD76}"
EndProject
Global
	GlobalSection(SolutionConfigurationPlatforms) = preSolution
		Debug|x64 = Debug|x64
		Debug|x86 = Debug|x86
		Release|x64 = Release|x64
		Release|x86 = Release|x86
	EndGlobalSection
	GlobalSection(ProjectConfigurationPlatforms) = postSolution
		{CD000B4E-0404-4795-A7AA-6EFD80FFBD76}.Debug|x64.ActiveCfg = Debug|x64
		{CD000B4E-0404-4795-A7AA-6EFD80FFBD76}.Debug|x64.Build.0 = Debug|x64
		{CD000B4E-0404-4795-A7AA-6EFD80FFBD76}.Debug|x86.ActiveCfg = Debug|Win32
		{CD000B4E-0404-4795-A7AA-6EFD80FFBD76}.Debug|x86.Build.0 = Debug|Win32
		{CD000B4E-0404-4795-A7AA-6EFD80FFBD76}.Release|x64.ActiveCfg = Release|x64
		{CD000B4E-0404-4795-A7AA-6EFD80FFBD76}.Release|x64.Build.0 = Release|x64
		{CD000B4E-0404-4795-A7AA-6EFD80FFBD76}.Release|x86.ActiveCfg = Release|Win32
		{CD000B4E-0404-4795-A7AA-6EFD80FFBD76}.Release|x86.Build.0 = Release|Win32
	EndGlobalSection
	GlobalSection(SolutionProperties) = preSolution
		HideSolutionNode = FALSE
	EndGlobalSection
	GlobalSection(ExtensibilityGlobals) = postSolution
		SolutionGuid = {C6EE2786-43E0-4F99-AF6E-DE61907FE9D3}
	EndGlobalSection
EndGlobal
